// !$*UTF8*$!
{
	archiveVersion = 1;
	classes = {
	};
	objectVersion = 51;
	objects = {

/* Begin PBXBuildFile section */
		2D296EDD8F04CC07D279E070 /* Pods_parstagram_parstagramUITests.framework in Frameworks */ = {isa = PBXBuildFile; fileRef = CB1DE071226E086374F2981A /* Pods_parstagram_parstagramUITests.framework */; };
		799139CE25EDE59800278670 /* AppDelegate.swift in Sources */ = {isa = PBXBuildFile; fileRef = 799139CD25EDE59800278670 /* AppDelegate.swift */; };
		799139D025EDE59800278670 /* SceneDelegate.swift in Sources */ = {isa = PBXBuildFile; fileRef = 799139CF25EDE59800278670 /* SceneDelegate.swift */; };
		799139D525EDE59800278670 /* Main.storyboard in Resources */ = {isa = PBXBuildFile; fileRef = 799139D325EDE59800278670 /* Main.storyboard */; };
		799139D725EDE59B00278670 /* Assets.xcassets in Resources */ = {isa = PBXBuildFile; fileRef = 799139D625EDE59B00278670 /* Assets.xcassets */; };
		799139DA25EDE59B00278670 /* LaunchScreen.storyboard in Resources */ = {isa = PBXBuildFile; fileRef = 799139D825EDE59B00278670 /* LaunchScreen.storyboard */; };
		799139E525EDE59C00278670 /* parstagramTests.swift in Sources */ = {isa = PBXBuildFile; fileRef = 799139E425EDE59C00278670 /* parstagramTests.swift */; };
		799139F025EDE59C00278670 /* parstagramUITests.swift in Sources */ = {isa = PBXBuildFile; fileRef = 799139EF25EDE59C00278670 /* parstagramUITests.swift */; };
		79913A2025EDFCCB00278670 /* FeedViewController.swift in Sources */ = {isa = PBXBuildFile; fileRef = 79913A1F25EDFCCB00278670 /* FeedViewController.swift */; };
		79913A3025EE087D00278670 /* LogInViewController.swift in Sources */ = {isa = PBXBuildFile; fileRef = 79913A2F25EE087D00278670 /* LogInViewController.swift */; };
		79913A3525EE0C2200278670 /* CameraViewController.swift in Sources */ = {isa = PBXBuildFile; fileRef = 79913A3425EE0C2200278670 /* CameraViewController.swift */; };
		79913A5025EE1ECA00278670 /* PostCell.swift in Sources */ = {isa = PBXBuildFile; fileRef = 79913A4F25EE1ECA00278670 /* PostCell.swift */; };
		79E9F4C025F752D200290A9B /* CommentCell.swift in Sources */ = {isa = PBXBuildFile; fileRef = 79E9F4BF25F752D200290A9B /* CommentCell.swift */; };
		84413BEF5749B8BD88DDAF17 /* Pods_parstagramTests.framework in Frameworks */ = {isa = PBXBuildFile; fileRef = 25367BE4A91B8938F156B85B /* Pods_parstagramTests.framework */; };
		A989352ACB1CFAF1371E1F41 /* Pods_parstagram.framework in Frameworks */ = {isa = PBXBuildFile; fileRef = 8C522D0DE7EBB6CFF21914C4 /* Pods_parstagram.framework */; };
/* End PBXBuildFile section */

/* Begin PBXContainerItemProxy section */
		799139E125EDE59C00278670 /* PBXContainerItemProxy */ = {
			isa = PBXContainerItemProxy;
			containerPortal = 799139C225EDE59800278670 /* Project object */;
			proxyType = 1;
			remoteGlobalIDString = 799139C925EDE59800278670;
			remoteInfo = parstagram;
		};
		799139EC25EDE59C00278670 /* PBXContainerItemProxy */ = {
			isa = PBXContainerItemProxy;
			containerPortal = 799139C225EDE59800278670 /* Project object */;
			proxyType = 1;
			remoteGlobalIDString = 799139C925EDE59800278670;
			remoteInfo = parstagram;
		};
/* End PBXContainerItemProxy section */

/* Begin PBXFileReference section */
		25367BE4A91B8938F156B85B /* Pods_parstagramTests.framework */ = {isa = PBXFileReference; explicitFileType = wrapper.framework; includeInIndex = 0; path = Pods_parstagramTests.framework; sourceTree = BUILT_PRODUCTS_DIR; };
		340D208045228D6D63A0F54C /* Pods-parstagram.debug.xcconfig */ = {isa = PBXFileReference; includeInIndex = 1; lastKnownFileType = text.xcconfig; name = "Pods-parstagram.debug.xcconfig"; path = "Target Support Files/Pods-parstagram/Pods-parstagram.debug.xcconfig"; sourceTree = "<group>"; };
		37B569DB67A6E2B04D853C97 /* Pods-parstagramTests.debug.xcconfig */ = {isa = PBXFileReference; includeInIndex = 1; lastKnownFileType = text.xcconfig; name = "Pods-parstagramTests.debug.xcconfig"; path = "Target Support Files/Pods-parstagramTests/Pods-parstagramTests.debug.xcconfig"; sourceTree = "<group>"; };
		3C0E121141718A6077CD0300 /* Pods-parstagramTests.release.xcconfig */ = {isa = PBXFileReference; includeInIndex = 1; lastKnownFileType = text.xcconfig; name = "Pods-parstagramTests.release.xcconfig"; path = "Target Support Files/Pods-parstagramTests/Pods-parstagramTests.release.xcconfig"; sourceTree = "<group>"; };
		4F47D3042C85ED7E61CD4F35 /* Pods-parstagram-parstagramUITests.debug.xcconfig */ = {isa = PBXFileReference; includeInIndex = 1; lastKnownFileType = text.xcconfig; name = "Pods-parstagram-parstagramUITests.debug.xcconfig"; path = "Target Support Files/Pods-parstagram-parstagramUITests/Pods-parstagram-parstagramUITests.debug.xcconfig"; sourceTree = "<group>"; };
		799139CA25EDE59800278670 /* parstagram.app */ = {isa = PBXFileReference; explicitFileType = wrapper.application; includeInIndex = 0; path = parstagram.app; sourceTree = BUILT_PRODUCTS_DIR; };
		799139CD25EDE59800278670 /* AppDelegate.swift */ = {isa = PBXFileReference; lastKnownFileType = sourcecode.swift; path = AppDelegate.swift; sourceTree = "<group>"; };
		799139CF25EDE59800278670 /* SceneDelegate.swift */ = {isa = PBXFileReference; lastKnownFileType = sourcecode.swift; path = SceneDelegate.swift; sourceTree = "<group>"; };
		799139D425EDE59800278670 /* Base */ = {isa = PBXFileReference; lastKnownFileType = file.storyboard; name = Base; path = Base.lproj/Main.storyboard; sourceTree = "<group>"; };
		799139D625EDE59B00278670 /* Assets.xcassets */ = {isa = PBXFileReference; lastKnownFileType = folder.assetcatalog; path = Assets.xcassets; sourceTree = "<group>"; };
		799139D925EDE59B00278670 /* Base */ = {isa = PBXFileReference; lastKnownFileType = file.storyboard; name = Base; path = Base.lproj/LaunchScreen.storyboard; sourceTree = "<group>"; };
		799139DB25EDE59B00278670 /* Info.plist */ = {isa = PBXFileReference; lastKnownFileType = text.plist.xml; path = Info.plist; sourceTree = "<group>"; };
		799139E025EDE59C00278670 /* parstagramTests.xctest */ = {isa = PBXFileReference; explicitFileType = wrapper.cfbundle; includeInIndex = 0; path = parstagramTests.xctest; sourceTree = BUILT_PRODUCTS_DIR; };
		799139E425EDE59C00278670 /* parstagramTests.swift */ = {isa = PBXFileReference; lastKnownFileType = sourcecode.swift; path = parstagramTests.swift; sourceTree = "<group>"; };
		799139E625EDE59C00278670 /* Info.plist */ = {isa = PBXFileReference; lastKnownFileType = text.plist.xml; path = Info.plist; sourceTree = "<group>"; };
		799139EB25EDE59C00278670 /* parstagramUITests.xctest */ = {isa = PBXFileReference; explicitFileType = wrapper.cfbundle; includeInIndex = 0; path = parstagramUITests.xctest; sourceTree = BUILT_PRODUCTS_DIR; };
		799139EF25EDE59C00278670 /* parstagramUITests.swift */ = {isa = PBXFileReference; lastKnownFileType = sourcecode.swift; path = parstagramUITests.swift; sourceTree = "<group>"; };
		799139F125EDE59C00278670 /* Info.plist */ = {isa = PBXFileReference; lastKnownFileType = text.plist.xml; path = Info.plist; sourceTree = "<group>"; };
		79913A1F25EDFCCB00278670 /* FeedViewController.swift */ = {isa = PBXFileReference; lastKnownFileType = sourcecode.swift; path = FeedViewController.swift; sourceTree = "<group>"; };
		79913A2F25EE087D00278670 /* LogInViewController.swift */ = {isa = PBXFileReference; lastKnownFileType = sourcecode.swift; path = LogInViewController.swift; sourceTree = "<group>"; };
		79913A3425EE0C2200278670 /* CameraViewController.swift */ = {isa = PBXFileReference; lastKnownFileType = sourcecode.swift; path = CameraViewController.swift; sourceTree = "<group>"; };
		79913A4F25EE1ECA00278670 /* PostCell.swift */ = {isa = PBXFileReference; lastKnownFileType = sourcecode.swift; path = PostCell.swift; sourceTree = "<group>"; };
		79E9F4BF25F752D200290A9B /* CommentCell.swift */ = {isa = PBXFileReference; lastKnownFileType = sourcecode.swift; path = CommentCell.swift; sourceTree = "<group>"; };
		7A79CC68B7BD9DFB5A86DB2C /* Pods-parstagram.release.xcconfig */ = {isa = PBXFileReference; includeInIndex = 1; lastKnownFileType = text.xcconfig; name = "Pods-parstagram.release.xcconfig"; path = "Target Support Files/Pods-parstagram/Pods-parstagram.release.xcconfig"; sourceTree = "<group>"; };
		8C522D0DE7EBB6CFF21914C4 /* Pods_parstagram.framework */ = {isa = PBXFileReference; explicitFileType = wrapper.framework; includeInIndex = 0; path = Pods_parstagram.framework; sourceTree = BUILT_PRODUCTS_DIR; };
		CB1DE071226E086374F2981A /* Pods_parstagram_parstagramUITests.framework */ = {isa = PBXFileReference; explicitFileType = wrapper.framework; includeInIndex = 0; path = Pods_parstagram_parstagramUITests.framework; sourceTree = BUILT_PRODUCTS_DIR; };
		EA6FC03AACD2EFB98E7FF6B8 /* Pods-parstagram-parstagramUITests.release.xcconfig */ = {isa = PBXFileReference; includeInIndex = 1; lastKnownFileType = text.xcconfig; name = "Pods-parstagram-parstagramUITests.release.xcconfig"; path = "Target Support Files/Pods-parstagram-parstagramUITests/Pods-parstagram-parstagramUITests.release.xcconfig"; sourceTree = "<group>"; };
/* End PBXFileReference section */

/* Begin PBXFrameworksBuildPhase section */
		799139C725EDE59800278670 /* Frameworks */ = {
			isa = PBXFrameworksBuildPhase;
			buildActionMask = 2147483647;
			files = (
				A989352ACB1CFAF1371E1F41 /* Pods_parstagram.framework in Frameworks */,
			);
			runOnlyForDeploymentPostprocessing = 0;
		};
		799139DD25EDE59B00278670 /* Frameworks */ = {
			isa = PBXFrameworksBuildPhase;
			buildActionMask = 2147483647;
			files = (
				84413BEF5749B8BD88DDAF17 /* Pods_parstagramTests.framework in Frameworks */,
			);
			runOnlyForDeploymentPostprocessing = 0;
		};
		799139E825EDE59C00278670 /* Frameworks */ = {
			isa = PBXFrameworksBuildPhase;
			buildActionMask = 2147483647;
			files = (
				2D296EDD8F04CC07D279E070 /* Pods_parstagram_parstagramUITests.framework in Frameworks */,
			);
			runOnlyForDeploymentPostprocessing = 0;
		};
/* End PBXFrameworksBuildPhase section */

/* Begin PBXGroup section */
		799139C125EDE59800278670 = {
			isa = PBXGroup;
			children = (
				799139CC25EDE59800278670 /* parstagram */,
				799139E325EDE59C00278670 /* parstagramTests */,
				799139EE25EDE59C00278670 /* parstagramUITests */,
				799139CB25EDE59800278670 /* Products */,
				EB8FD243257D3211FD14B362 /* Pods */,
				B66B1A7A9C7D068D48DFF14A /* Frameworks */,
			);
			sourceTree = "<group>";
		};
		799139CB25EDE59800278670 /* Products */ = {
			isa = PBXGroup;
			children = (
				799139CA25EDE59800278670 /* parstagram.app */,
				799139E025EDE59C00278670 /* parstagramTests.xctest */,
				799139EB25EDE59C00278670 /* parstagramUITests.xctest */,
			);
			name = Products;
			sourceTree = "<group>";
		};
		799139CC25EDE59800278670 /* parstagram */ = {
			isa = PBXGroup;
			children = (
				799139CD25EDE59800278670 /* AppDelegate.swift */,
				799139CF25EDE59800278670 /* SceneDelegate.swift */,
				799139D325EDE59800278670 /* Main.storyboard */,
				799139D625EDE59B00278670 /* Assets.xcassets */,
				799139D825EDE59B00278670 /* LaunchScreen.storyboard */,
				799139DB25EDE59B00278670 /* Info.plist */,
				79913A1F25EDFCCB00278670 /* FeedViewController.swift */,
				79913A2F25EE087D00278670 /* LogInViewController.swift */,
				79913A3425EE0C2200278670 /* CameraViewController.swift */,
				79913A4F25EE1ECA00278670 /* PostCell.swift */,
				79E9F4BF25F752D200290A9B /* CommentCell.swift */,
			);
			path = parstagram;
			sourceTree = "<group>";
		};
		799139E325EDE59C00278670 /* parstagramTests */ = {
			isa = PBXGroup;
			children = (
				799139E425EDE59C00278670 /* parstagramTests.swift */,
				799139E625EDE59C00278670 /* Info.plist */,
			);
			path = parstagramTests;
			sourceTree = "<group>";
		};
		799139EE25EDE59C00278670 /* parstagramUITests */ = {
			isa = PBXGroup;
			children = (
				799139EF25EDE59C00278670 /* parstagramUITests.swift */,
				799139F125EDE59C00278670 /* Info.plist */,
			);
			path = parstagramUITests;
			sourceTree = "<group>";
		};
		B66B1A7A9C7D068D48DFF14A /* Frameworks */ = {
			isa = PBXGroup;
			children = (
				8C522D0DE7EBB6CFF21914C4 /* Pods_parstagram.framework */,
				CB1DE071226E086374F2981A /* Pods_parstagram_parstagramUITests.framework */,
				25367BE4A91B8938F156B85B /* Pods_parstagramTests.framework */,
			);
			name = Frameworks;
			sourceTree = "<group>";
		};
		EB8FD243257D3211FD14B362 /* Pods */ = {
			isa = PBXGroup;
			children = (
				340D208045228D6D63A0F54C /* Pods-parstagram.debug.xcconfig */,
				7A79CC68B7BD9DFB5A86DB2C /* Pods-parstagram.release.xcconfig */,
				4F47D3042C85ED7E61CD4F35 /* Pods-parstagram-parstagramUITests.debug.xcconfig */,
				EA6FC03AACD2EFB98E7FF6B8 /* Pods-parstagram-parstagramUITests.release.xcconfig */,
				37B569DB67A6E2B04D853C97 /* Pods-parstagramTests.debug.xcconfig */,
				3C0E121141718A6077CD0300 /* Pods-parstagramTests.release.xcconfig */,
			);
			path = Pods;
			sourceTree = "<group>";
		};
/* End PBXGroup section */

/* Begin PBXNativeTarget section */
		799139C925EDE59800278670 /* parstagram */ = {
			isa = PBXNativeTarget;
			buildConfigurationList = 799139F425EDE59C00278670 /* Build configuration list for PBXNativeTarget "parstagram" */;
			buildPhases = (
				E7079EE4839E89DB55E24A91 /* [CP] Check Pods Manifest.lock */,
				799139C625EDE59800278670 /* Sources */,
				799139C725EDE59800278670 /* Frameworks */,
				799139C825EDE59800278670 /* Resources */,
				2371FEF1F3FC7274B4804E79 /* [CP] Embed Pods Frameworks */,
			);
			buildRules = (
			);
			dependencies = (
			);
			name = parstagram;
			productName = parstagram;
			productReference = 799139CA25EDE59800278670 /* parstagram.app */;
			productType = "com.apple.product-type.application";
		};
		799139DF25EDE59B00278670 /* parstagramTests */ = {
			isa = PBXNativeTarget;
			buildConfigurationList = 799139F725EDE59C00278670 /* Build configuration list for PBXNativeTarget "parstagramTests" */;
			buildPhases = (
				2CE73BAB73D0B570277142C0 /* [CP] Check Pods Manifest.lock */,
				799139DC25EDE59B00278670 /* Sources */,
				799139DD25EDE59B00278670 /* Frameworks */,
				799139DE25EDE59B00278670 /* Resources */,
			);
			buildRules = (
			);
			dependencies = (
				799139E225EDE59C00278670 /* PBXTargetDependency */,
			);
			name = parstagramTests;
			productName = parstagramTests;
			productReference = 799139E025EDE59C00278670 /* parstagramTests.xctest */;
			productType = "com.apple.product-type.bundle.unit-test";
		};
		799139EA25EDE59C00278670 /* parstagramUITests */ = {
			isa = PBXNativeTarget;
			buildConfigurationList = 799139FA25EDE59C00278670 /* Build configuration list for PBXNativeTarget "parstagramUITests" */;
			buildPhases = (
				0F477794A2989419F0F4E4FF /* [CP] Check Pods Manifest.lock */,
				799139E725EDE59C00278670 /* Sources */,
				799139E825EDE59C00278670 /* Frameworks */,
				799139E925EDE59C00278670 /* Resources */,
				838B787AC24D3AD3192E88C0 /* [CP] Embed Pods Frameworks */,
			);
			buildRules = (
			);
			dependencies = (
				799139ED25EDE59C00278670 /* PBXTargetDependency */,
			);
			name = parstagramUITests;
			productName = parstagramUITests;
			productReference = 799139EB25EDE59C00278670 /* parstagramUITests.xctest */;
			productType = "com.apple.product-type.bundle.ui-testing";
		};
/* End PBXNativeTarget section */

/* Begin PBXProject section */
		799139C225EDE59800278670 /* Project object */ = {
			isa = PBXProject;
			attributes = {
				LastSwiftUpdateCheck = 1240;
				LastUpgradeCheck = 1240;
				TargetAttributes = {
					799139C925EDE59800278670 = {
						CreatedOnToolsVersion = 12.4;
					};
					799139DF25EDE59B00278670 = {
						CreatedOnToolsVersion = 12.4;
						TestTargetID = 799139C925EDE59800278670;
					};
					799139EA25EDE59C00278670 = {
						CreatedOnToolsVersion = 12.4;
						TestTargetID = 799139C925EDE59800278670;
					};
				};
			};
			buildConfigurationList = 799139C525EDE59800278670 /* Build configuration list for PBXProject "parstagram" */;
			compatibilityVersion = "Xcode 9.3";
			developmentRegion = en;
			hasScannedForEncodings = 0;
			knownRegions = (
				en,
				Base,
			);
			mainGroup = 799139C125EDE59800278670;
			productRefGroup = 799139CB25EDE59800278670 /* Products */;
			projectDirPath = "";
			projectRoot = "";
			targets = (
				799139C925EDE59800278670 /* parstagram */,
				799139DF25EDE59B00278670 /* parstagramTests */,
				799139EA25EDE59C00278670 /* parstagramUITests */,
			);
		};
/* End PBXProject section */

/* Begin PBXResourcesBuildPhase section */
		799139C825EDE59800278670 /* Resources */ = {
			isa = PBXResourcesBuildPhase;
			buildActionMask = 2147483647;
			files = (
				799139DA25EDE59B00278670 /* LaunchScreen.storyboard in Resources */,
				799139D725EDE59B00278670 /* Assets.xcassets in Resources */,
				799139D525EDE59800278670 /* Main.storyboard in Resources */,
			);
			runOnlyForDeploymentPostprocessing = 0;
		};
		799139DE25EDE59B00278670 /* Resources */ = {
			isa = PBXResourcesBuildPhase;
			buildActionMask = 2147483647;
			files = (
			);
			runOnlyForDeploymentPostprocessing = 0;
		};
		799139E925EDE59C00278670 /* Resources */ = {
			isa = PBXResourcesBuildPhase;
			buildActionMask = 2147483647;
			files = (
			);
			runOnlyForDeploymentPostprocessing = 0;
		};
/* End PBXResourcesBuildPhase section */

/* Begin PBXShellScriptBuildPhase section */
		0F477794A2989419F0F4E4FF /* [CP] Check Pods Manifest.lock */ = {
			isa = PBXShellScriptBuildPhase;
			buildActionMask = 2147483647;
			files = (
			);
			inputFileListPaths = (
			);
			inputPaths = (
				"${PODS_PODFILE_DIR_PATH}/Podfile.lock",
				"${PODS_ROOT}/Manifest.lock",
			);
			name = "[CP] Check Pods Manifest.lock";
			outputFileListPaths = (
			);
			outputPaths = (
				"$(DERIVED_FILE_DIR)/Pods-parstagram-parstagramUITests-checkManifestLockResult.txt",
			);
			runOnlyForDeploymentPostprocessing = 0;
			shellPath = /bin/sh;
			shellScript = "diff \"${PODS_PODFILE_DIR_PATH}/Podfile.lock\" \"${PODS_ROOT}/Manifest.lock\" > /dev/null\nif [ $? != 0 ] ; then\n    # print error to STDERR\n    echo \"error: The sandbox is not in sync with the Podfile.lock. Run 'pod install' or update your CocoaPods installation.\" >&2\n    exit 1\nfi\n# This output is used by Xcode 'outputs' to avoid re-running this script phase.\necho \"SUCCESS\" > \"${SCRIPT_OUTPUT_FILE_0}\"\n";
			showEnvVarsInLog = 0;
		};
		2371FEF1F3FC7274B4804E79 /* [CP] Embed Pods Frameworks */ = {
			isa = PBXShellScriptBuildPhase;
			buildActionMask = 2147483647;
			files = (
			);
			inputFileListPaths = (
				"${PODS_ROOT}/Target Support Files/Pods-parstagram/Pods-parstagram-frameworks-${CONFIGURATION}-input-files.xcfilelist",
			);
			name = "[CP] Embed Pods Frameworks";
			outputFileListPaths = (
				"${PODS_ROOT}/Target Support Files/Pods-parstagram/Pods-parstagram-frameworks-${CONFIGURATION}-output-files.xcfilelist",
			);
			runOnlyForDeploymentPostprocessing = 0;
			shellPath = /bin/sh;
			shellScript = "\"${PODS_ROOT}/Target Support Files/Pods-parstagram/Pods-parstagram-frameworks.sh\"\n";
			showEnvVarsInLog = 0;
		};
		2CE73BAB73D0B570277142C0 /* [CP] Check Pods Manifest.lock */ = {
			isa = PBXShellScriptBuildPhase;
			buildActionMask = 2147483647;
			files = (
			);
			inputFileListPaths = (
			);
			inputPaths = (
				"${PODS_PODFILE_DIR_PATH}/Podfile.lock",
				"${PODS_ROOT}/Manifest.lock",
			);
			name = "[CP] Check Pods Manifest.lock";
			outputFileListPaths = (
			);
			outputPaths = (
				"$(DERIVED_FILE_DIR)/Pods-parstagramTests-checkManifestLockResult.txt",
			);
			runOnlyForDeploymentPostprocessing = 0;
			shellPath = /bin/sh;
			shellScript = "diff \"${PODS_PODFILE_DIR_PATH}/Podfile.lock\" \"${PODS_ROOT}/Manifest.lock\" > /dev/null\nif [ $? != 0 ] ; then\n    # print error to STDERR\n    echo \"error: The sandbox is not in sync with the Podfile.lock. Run 'pod install' or update your CocoaPods installation.\" >&2\n    exit 1\nfi\n# This output is used by Xcode 'outputs' to avoid re-running this script phase.\necho \"SUCCESS\" > \"${SCRIPT_OUTPUT_FILE_0}\"\n";
			showEnvVarsInLog = 0;
		};
		838B787AC24D3AD3192E88C0 /* [CP] Embed Pods Frameworks */ = {
			isa = PBXShellScriptBuildPhase;
			buildActionMask = 2147483647;
			files = (
			);
			inputFileListPaths = (
				"${PODS_ROOT}/Target Support Files/Pods-parstagram-parstagramUITests/Pods-parstagram-parstagramUITests-frameworks-${CONFIGURATION}-input-files.xcfilelist",
			);
			name = "[CP] Embed Pods Frameworks";
			outputFileListPaths = (
				"${PODS_ROOT}/Target Support Files/Pods-parstagram-parstagramUITests/Pods-parstagram-parstagramUITests-frameworks-${CONFIGURATION}-output-files.xcfilelist",
			);
			runOnlyForDeploymentPostprocessing = 0;
			shellPath = /bin/sh;
			shellScript = "\"${PODS_ROOT}/Target Support Files/Pods-parstagram-parstagramUITests/Pods-parstagram-parstagramUITests-frameworks.sh\"\n";
			showEnvVarsInLog = 0;
		};
		E7079EE4839E89DB55E24A91 /* [CP] Check Pods Manifest.lock */ = {
			isa = PBXShellScriptBuildPhase;
			buildActionMask = 2147483647;
			files = (
			);
			inputFileListPaths = (
			);
			inputPaths = (
				"${PODS_PODFILE_DIR_PATH}/Podfile.lock",
				"${PODS_ROOT}/Manifest.lock",
			);
			name = "[CP] Check Pods Manifest.lock";
			outputFileListPaths = (
			);
			outputPaths = (
				"$(DERIVED_FILE_DIR)/Pods-parstagram-checkManifestLockResult.txt",
			);
			runOnlyForDeploymentPostprocessing = 0;
			shellPath = /bin/sh;
			shellScript = "diff \"${PODS_PODFILE_DIR_PATH}/Podfile.lock\" \"${PODS_ROOT}/Manifest.lock\" > /dev/null\nif [ $? != 0 ] ; then\n    # print error to STDERR\n    echo \"error: The sandbox is not in sync with the Podfile.lock. Run 'pod install' or update your CocoaPods installation.\" >&2\n    exit 1\nfi\n# This output is used by Xcode 'outputs' to avoid re-running this script phase.\necho \"SUCCESS\" > \"${SCRIPT_OUTPUT_FILE_0}\"\n";
			showEnvVarsInLog = 0;
		};
/* End PBXShellScriptBuildPhase section */

/* Begin PBXSourcesBuildPhase section */
		799139C625EDE59800278670 /* Sources */ = {
			isa = PBXSourcesBuildPhase;
			buildActionMask = 2147483647;
			files = (
				79913A3025EE087D00278670 /* LogInViewController.swift in Sources */,
				79913A3525EE0C2200278670 /* CameraViewController.swift in Sources */,
				799139CE25EDE59800278670 /* AppDelegate.swift in Sources */,
				79913A2025EDFCCB00278670 /* FeedViewController.swift in Sources */,
				799139D025EDE59800278670 /* SceneDelegate.swift in Sources */,
				79913A5025EE1ECA00278670 /* PostCell.swift in Sources */,
				79E9F4C025F752D200290A9B /* CommentCell.swift in Sources */,
			);
			runOnlyForDeploymentPostprocessing = 0;
		};
		799139DC25EDE59B00278670 /* Sources */ = {
			isa = PBXSourcesBuildPhase;
			buildActionMask = 2147483647;
			files = (
				799139E525EDE59C00278670 /* parstagramTests.swift in Sources */,
			);
			runOnlyForDeploymentPostprocessing = 0;
		};
		799139E725EDE59C00278670 /* Sources */ = {
			isa = PBXSourcesBuildPhase;
			buildActionMask = 2147483647;
			files = (
				799139F025EDE59C00278670 /* parstagramUITests.swift in Sources */,
			);
			runOnlyForDeploymentPostprocessing = 0;
		};
/* End PBXSourcesBuildPhase section */

/* Begin PBXTargetDependency section */
		799139E225EDE59C00278670 /* PBXTargetDependency */ = {
			isa = PBXTargetDependency;
			target = 799139C925EDE59800278670 /* parstagram */;
			targetProxy = 799139E125EDE59C00278670 /* PBXContainerItemProxy */;
		};
		799139ED25EDE59C00278670 /* PBXTargetDependency */ = {
			isa = PBXTargetDependency;
			target = 799139C925EDE59800278670 /* parstagram */;
			targetProxy = 799139EC25EDE59C00278670 /* PBXContainerItemProxy */;
		};
/* End PBXTargetDependency section */

/* Begin PBXVariantGroup section */
		799139D325EDE59800278670 /* Main.storyboard */ = {
			isa = PBXVariantGroup;
			children = (
				799139D425EDE59800278670 /* Base */,
			);
			name = Main.storyboard;
			sourceTree = "<group>";
		};
		799139D825EDE59B00278670 /* LaunchScreen.storyboard */ = {
			isa = PBXVariantGroup;
			children = (
				799139D925EDE59B00278670 /* Base */,
			);
			name = LaunchScreen.storyboard;
			sourceTree = "<group>";
		};
/* End PBXVariantGroup section */

/* Begin XCBuildConfiguration section */
		799139F225EDE59C00278670 /* Debug */ = {
			isa = XCBuildConfiguration;
			buildSettings = {
				ALWAYS_SEARCH_USER_PATHS = NO;
				CLANG_ANALYZER_NONNULL = YES;
				CLANG_ANALYZER_NUMBER_OBJECT_CONVERSION = YES_AGGRESSIVE;
				CLANG_CXX_LANGUAGE_STANDARD = "gnu++14";
				CLANG_CXX_LIBRARY = "libc++";
				CLANG_ENABLE_MODULES = YES;
				CLANG_ENABLE_OBJC_ARC = YES;
				CLANG_ENABLE_OBJC_WEAK = YES;
				CLANG_WARN_BLOCK_CAPTURE_AUTORELEASING = YES;
				CLANG_WARN_BOOL_CONVERSION = YES;
				CLANG_WARN_COMMA = YES;
				CLANG_WARN_CONSTANT_CONVERSION = YES;
				CLANG_WARN_DEPRECATED_OBJC_IMPLEMENTATIONS = YES;
				CLANG_WARN_DIRECT_OBJC_ISA_USAGE = YES_ERROR;
				CLANG_WARN_DOCUMENTATION_COMMENTS = YES;
				CLANG_WARN_EMPTY_BODY = YES;
				CLANG_WARN_ENUM_CONVERSION = YES;
				CLANG_WARN_INFINITE_RECURSION = YES;
				CLANG_WARN_INT_CONVERSION = YES;
				CLANG_WARN_NON_LITERAL_NULL_CONVERSION = YES;
				CLANG_WARN_OBJC_IMPLICIT_RETAIN_SELF = YES;
				CLANG_WARN_OBJC_LITERAL_CONVERSION = YES;
				CLANG_WARN_OBJC_ROOT_CLASS = YES_ERROR;
				CLANG_WARN_QUOTED_INCLUDE_IN_FRAMEWORK_HEADER = YES;
				CLANG_WARN_RANGE_LOOP_ANALYSIS = YES;
				CLANG_WARN_STRICT_PROTOTYPES = YES;
				CLANG_WARN_SUSPICIOUS_MOVE = YES;
				CLANG_WARN_UNGUARDED_AVAILABILITY = YES_AGGRESSIVE;
				CLANG_WARN_UNREACHABLE_CODE = YES;
				CLANG_WARN__DUPLICATE_METHOD_MATCH = YES;
				COPY_PHASE_STRIP = NO;
				DEBUG_INFORMATION_FORMAT = dwarf;
				ENABLE_STRICT_OBJC_MSGSEND = YES;
				ENABLE_TESTABILITY = YES;
				GCC_C_LANGUAGE_STANDARD = gnu11;
				GCC_DYNAMIC_NO_PIC = NO;
				GCC_NO_COMMON_BLOCKS = YES;
				GCC_OPTIMIZATION_LEVEL = 0;
				GCC_PREPROCESSOR_DEFINITIONS = (
					"DEBUG=1",
					"$(inherited)",
				);
				GCC_WARN_64_TO_32_BIT_CONVERSION = YES;
				GCC_WARN_ABOUT_RETURN_TYPE = YES_ERROR;
				GCC_WARN_UNDECLARED_SELECTOR = YES;
				GCC_WARN_UNINITIALIZED_AUTOS = YES_AGGRESSIVE;
				GCC_WARN_UNUSED_FUNCTION = YES;
				GCC_WARN_UNUSED_VARIABLE = YES;
				IPHONEOS_DEPLOYMENT_TARGET = 14.4;
				MTL_ENABLE_DEBUG_INFO = INCLUDE_SOURCE;
				MTL_FAST_MATH = YES;
				ONLY_ACTIVE_ARCH = YES;
				SDKROOT = iphoneos;
				SWIFT_ACTIVE_COMPILATION_CONDITIONS = DEBUG;
				SWIFT_OPTIMIZATION_LEVEL = "-Onone";
			};
			name = Debug;
		};
		799139F325EDE59C00278670 /* Release */ = {
			isa = XCBuildConfiguration;
			buildSettings = {
				ALWAYS_SEARCH_USER_PATHS = NO;
				CLANG_ANALYZER_NONNULL = YES;
				CLANG_ANALYZER_NUMBER_OBJECT_CONVERSION = YES_AGGRESSIVE;
				CLANG_CXX_LANGUAGE_STANDARD = "gnu++14";
				CLANG_CXX_LIBRARY = "libc++";
				CLANG_ENABLE_MODULES = YES;
				CLANG_ENABLE_OBJC_ARC = YES;
				CLANG_ENABLE_OBJC_WEAK = YES;
				CLANG_WARN_BLOCK_CAPTURE_AUTORELEASING = YES;
				CLANG_WARN_BOOL_CONVERSION = YES;
				CLANG_WARN_COMMA = YES;
				CLANG_WARN_CONSTANT_CONVERSION = YES;
				CLANG_WARN_DEPRECATED_OBJC_IMPLEMENTATIONS = YES;
				CLANG_WARN_DIRECT_OBJC_ISA_USAGE = YES_ERROR;
				CLANG_WARN_DOCUMENTATION_COMMENTS = YES;
				CLANG_WARN_EMPTY_BODY = YES;
				CLANG_WARN_ENUM_CONVERSION = YES;
				CLANG_WARN_INFINITE_RECURSION = YES;
				CLANG_WARN_INT_CONVERSION = YES;
				CLANG_WARN_NON_LITERAL_NULL_CONVERSION = YES;
				CLANG_WARN_OBJC_IMPLICIT_RETAIN_SELF = YES;
				CLANG_WARN_OBJC_LITERAL_CONVERSION = YES;
				CLANG_WARN_OBJC_ROOT_CLASS = YES_ERROR;
				CLANG_WARN_QUOTED_INCLUDE_IN_FRAMEWORK_HEADER = YES;
				CLANG_WARN_RANGE_LOOP_ANALYSIS = YES;
				CLANG_WARN_STRICT_PROTOTYPES = YES;
				CLANG_WARN_SUSPICIOUS_MOVE = YES;
				CLANG_WARN_UNGUARDED_AVAILABILITY = YES_AGGRESSIVE;
				CLANG_WARN_UNREACHABLE_CODE = YES;
				CLANG_WARN__DUPLICATE_METHOD_MATCH = YES;
				COPY_PHASE_STRIP = NO;
				DEBUG_INFORMATION_FORMAT = "dwarf-with-dsym";
				ENABLE_NS_ASSERTIONS = NO;
				ENABLE_STRICT_OBJC_MSGSEND = YES;
				GCC_C_LANGUAGE_STANDARD = gnu11;
				GCC_NO_COMMON_BLOCKS = YES;
				GCC_WARN_64_TO_32_BIT_CONVERSION = YES;
				GCC_WARN_ABOUT_RETURN_TYPE = YES_ERROR;
				GCC_WARN_UNDECLARED_SELECTOR = YES;
				GCC_WARN_UNINITIALIZED_AUTOS = YES_AGGRESSIVE;
				GCC_WARN_UNUSED_FUNCTION = YES;
				GCC_WARN_UNUSED_VARIABLE = YES;
				IPHONEOS_DEPLOYMENT_TARGET = 14.4;
				MTL_ENABLE_DEBUG_INFO = NO;
				MTL_FAST_MATH = YES;
				SDKROOT = iphoneos;
				SWIFT_COMPILATION_MODE = wholemodule;
				SWIFT_OPTIMIZATION_LEVEL = "-O";
				VALIDATE_PRODUCT = YES;
			};
			name = Release;
		};
		799139F525EDE59C00278670 /* Debug */ = {
			isa = XCBuildConfiguration;
			baseConfigurationReference = 340D208045228D6D63A0F54C /* Pods-parstagram.debug.xcconfig */;
			buildSettings = {
				ASSETCATALOG_COMPILER_APPICON_NAME = AppIcon;
				ASSETCATALOG_COMPILER_GLOBAL_ACCENT_COLOR_NAME = AccentColor;
				CODE_SIGN_STYLE = Automatic;
				INFOPLIST_FILE = parstagram/Info.plist;
				LD_RUNPATH_SEARCH_PATHS = (
					"$(inherited)",
					"@executable_path/Frameworks",
				);
				PRODUCT_BUNDLE_IDENTIFIER = "ebarreto-mendoza.parstagram";
				PRODUCT_NAME = "$(TARGET_NAME)";
				SWIFT_VERSION = 5.0;
				TARGETED_DEVICE_FAMILY = "1,2";
			};
			name = Debug;
		};
		799139F625EDE59C00278670 /* Release */ = {
			isa = XCBuildConfiguration;
			baseConfigurationReference = 7A79CC68B7BD9DFB5A86DB2C /* Pods-parstagram.release.xcconfig */;
			buildSettings = {
				ASSETCATALOG_COMPILER_APPICON_NAME = AppIcon;
				ASSETCATALOG_COMPILER_GLOBAL_ACCENT_COLOR_NAME = AccentColor;
				CODE_SIGN_STYLE = Automatic;
				INFOPLIST_FILE = parstagram/Info.plist;
				LD_RUNPATH_SEARCH_PATHS = (
					"$(inherited)",
					"@executable_path/Frameworks",
				);
				PRODUCT_BUNDLE_IDENTIFIER = "ebarreto-mendoza.parstagram";
				PRODUCT_NAME = "$(TARGET_NAME)";
				SWIFT_VERSION = 5.0;
				TARGETED_DEVICE_FAMILY = "1,2";
			};
			name = Release;
		};
		799139F825EDE59C00278670 /* Debug */ = {
			isa = XCBuildConfiguration;
			baseConfigurationReference = 37B569DB67A6E2B04D853C97 /* Pods-parstagramTests.debug.xcconfig */;
			buildSettings = {
				ALWAYS_EMBED_SWIFT_STANDARD_LIBRARIES = YES;
				BUNDLE_LOADER = "$(TEST_HOST)";
				CODE_SIGN_STYLE = Automatic;
				INFOPLIST_FILE = parstagramTests/Info.plist;
				IPHONEOS_DEPLOYMENT_TARGET = 14.4;
				LD_RUNPATH_SEARCH_PATHS = (
					"$(inherited)",
					"@executable_path/Frameworks",
					"@loader_path/Frameworks",
				);
				PRODUCT_BUNDLE_IDENTIFIER = "ebarreto-mendoza.parstagramTests";
				PRODUCT_NAME = "$(TARGET_NAME)";
				SWIFT_VERSION = 5.0;
				TARGETED_DEVICE_FAMILY = "1,2";
				TEST_HOST = "$(BUILT_PRODUCTS_DIR)/parstagram.app/parstagram";
			};
			name = Debug;
		};
		799139F925EDE59C00278670 /* Release */ = {
			isa = XCBuildConfiguration;
			baseConfigurationReference = 3C0E121141718A6077CD0300 /* Pods-parstagramTests.release.xcconfig */;
			buildSettings = {
				ALWAYS_EMBED_SWIFT_STANDARD_LIBRARIES = YES;
				BUNDLE_LOADER = "$(TEST_HOST)";
				CODE_SIGN_STYLE = Automatic;
				INFOPLIST_FILE = parstagramTests/Info.plist;
				IPHONEOS_DEPLOYMENT_TARGET = 14.4;
				LD_RUNPATH_SEARCH_PATHS = (
					"$(inherited)",
					"@executable_path/Frameworks",
					"@loader_path/Frameworks",
				);
				PRODUCT_BUNDLE_IDENTIFIER = "ebarreto-mendoza.parstagramTests";
				PRODUCT_NAME = "$(TARGET_NAME)";
				SWIFT_VERSION = 5.0;
				TARGETED_DEVICE_FAMILY = "1,2";
				TEST_HOST = "$(BUILT_PRODUCTS_DIR)/parstagram.app/parstagram";
			};
			name = Release;
		};
		799139FB25EDE59C00278670 /* Debug */ = {
			isa = XCBuildConfiguration;
			baseConfigurationReference = 4F47D3042C85ED7E61CD4F35 /* Pods-parstagram-parstagramUITests.debug.xcconfig */;
			buildSettings = {
				ALWAYS_EMBED_SWIFT_STANDARD_LIBRARIES = YES;
				CODE_SIGN_STYLE = Automatic;
				INFOPLIST_FILE = parstagramUITests/Info.plist;
				LD_RUNPATH_SEARCH_PATHS = (
					"$(inherited)",
					"@executable_path/Frameworks",
					"@loader_path/Frameworks",
				);
				PRODUCT_BUNDLE_IDENTIFIER = "ebarreto-mendoza.parstagramUITests";
				PRODUCT_NAME = "$(TARGET_NAME)";
				SWIFT_VERSION = 5.0;
				TARGETED_DEVICE_FAMILY = "1,2";
				TEST_TARGET_NAME = parstagram;
			};
			name = Debug;
		};
		799139FC25EDE59C00278670 /* Release */ = {
			isa = XCBuildConfiguration;
			baseConfigurationReference = EA6FC03AACD2EFB98E7FF6B8 /* Pods-parstagram-parstagramUITests.release.xcconfig */;
			buildSettings = {
				ALWAYS_EMBED_SWIFT_STANDARD_LIBRARIES = YES;
				CODE_SIGN_STYLE = Automatic;
				INFOPLIST_FILE = parstagramUITests/Info.plist;
				LD_RUNPATH_SEARCH_PATHS = (
					"$(inherited)",
					"@executable_path/Frameworks",
					"@loader_path/Frameworks",
				);
				PRODUCT_BUNDLE_IDENTIFIER = "ebarreto-mendoza.parstagramUITests";
				PRODUCT_NAME = "$(TARGET_NAME)";
				SWIFT_VERSION = 5.0;
				TARGETED_DEVICE_FAMILY = "1,2";
				TEST_TARGET_NAME = parstagram;
			};
			name = Release;
		};
/* End XCBuildConfiguration section */

/* Begin XCConfigurationList section */
		799139C525EDE59800278670 /* Build configuration list for PBXProject "parstagram" */ = {
			isa = XCConfigurationList;
			buildConfigurations = (
				799139F225EDE59C00278670 /* Debug */,
				799139F325EDE59C00278670 /* Release */,
			);
			defaultConfigurationIsVisible = 0;
			defaultConfigurationName = Release;
		};
		799139F425EDE59C00278670 /* Build configuration list for PBXNativeTarget "parstagram" */ = {
			isa = XCConfigurationList;
			buildConfigurations = (
				799139F525EDE59C00278670 /* Debug */,
				799139F625EDE59C00278670 /* Release */,
			);
			defaultConfigurationIsVisible = 0;
			defaultConfigurationName = Release;
		};
		799139F725EDE59C00278670 /* Build configuration list for PBXNativeTarget "parstagramTests" */ = {
			isa = XCConfigurationList;
			buildConfigurations = (
				799139F825EDE59C00278670 /* Debug */,
				799139F925EDE59C00278670 /* Release */,
			);
			defaultConfigurationIsVisible = 0;
			defaultConfigurationName = Release;
		};
		799139FA25EDE59C00278670 /* Build configuration list for PBXNativeTarget "parstagramUITests" */ = {
			isa = XCConfigurationList;
			buildConfigurations = (
				799139FB25EDE59C00278670 /* Debug */,
				799139FC25EDE59C00278670 /* Release */,
			);
			defaultConfigurationIsVisible = 0;
			defaultConfigurationName = Release;
		};
/* End XCConfigurationList section */
	};
	rootObject = 799139C225EDE59800278670 /* Project object */;
}
